
Microsoft Visual Studio Solution File, Format Version 12.00
# Visual Studio Version 17
VisualStudioVersion = 17.11.35303.130
MinimumVisualStudioVersion = 10.0.40219.1
Project("{2150E333-8FDC-42A3-9474-1A3956D46DE8}") = "Task0", "Task0", "{59A29C5C-5CA1-42BC-A711-8D14B5DB73A0}"
EndProject
Project("{9A19103F-16F7-4668-BE54-9A1E7A4F7556}") = "Tyuiu.KonovalovVA.Sprint0.Task0.V0", "Tyuiu.KonovalovVA.Sprint0.Task0.V0\Tyuiu.KonovalovVA.Sprint0.Task0.V0.csproj", "{AC479CFC-E0E1-40A9-8AA8-FD5CFE760653}"
EndProject
Project("{2150E333-8FDC-42A3-9474-1A3956D46DE8}") = "Task1", "Task1", "{205AAAC6-EF82-444C-99AA-0D35A27811D3}"
EndProject
Project("{9A19103F-16F7-4668-BE54-9A1E7A4F7556}") = "Tyuiu.KonovalovVA.Sprint0.Task1.V0", "Tyuiu.KonovalovVA.Sprint0.Task1.V0\Tyuiu.KonovalovVA.Sprint0.Task1.V0.csproj", "{312A828F-F03E-4017-ACB6-37AB8EB7B432}"
EndProject
Project("{2150E333-8FDC-42A3-9474-1A3956D46DE8}") = "Task2", "Task2", "{E40841C9-F96A-41D4-934E-C420B0BBFF5F}"
EndProject
Project("{FAE04EC0-301F-11D3-BF4B-00C04F79EFBC}") = "Tyuiu.KonovalovVA.Sprint0.Task2.V0", "Tyuiu.KonovalovVA.Sprint0.Task2.V0\Tyuiu.KonovalovVA.Sprint0.Task2.V0.csproj", "{92ADEED6-83F7-473F-9246-8B42F67D0AEC}"
EndProject
Project("{FAE04EC0-301F-11D3-BF4B-00C04F79EFBC}") = "Tyuiu.KonovalovVA.Sprint0.Task2.V0.Lib", "Tyuiu.KonovalovVA.Sprint0.Task2.V0.Lib\Tyuiu.KonovalovVA.Sprint0.Task2.V0.Lib.csproj", "{AA359092-5ECC-4199-BE71-D90BB9D10249}"
EndProject
Project("{FAE04EC0-301F-11D3-BF4B-00C04F79EFBC}") = "Tyuiu.KonovalovVA.Sprint0.Tast2.V0.Test", "Tyuiu.KonovalovVA.Sprint0.Tast2.V0.Test\Tyuiu.KonovalovVA.Sprint0.Tast2.V0.Test.csproj", "{252838C8-6D60-4F44-B0D5-56208D2858D3}"
EndProject
Project("{2150E333-8FDC-42A3-9474-1A3956D46DE8}") = "Task3", "Task3", "{CF515E83-9FA3-4C49-A39D-EA45F20EE59E}"
EndProject
Project("{FAE04EC0-301F-11D3-BF4B-00C04F79EFBC}") = "Tyuiu.KonovalovVA.Sprint0.Task3.V0", "Tyuiu.KonovalovVA.Sprint0.Task3.V0\Tyuiu.KonovalovVA.Sprint0.Task3.V0.csproj", "{3A6380B6-ED02-4680-8EB9-F404B7817D9F}"
EndProject
Project("{FAE04EC0-301F-11D3-BF4B-00C04F79EFBC}") = "Tyuiu.KonovalovVA.Sprint0.Task3.V0.Lib", "Tyuiu.KonovalovVA.Sprint0.Task3.V0.Lib\Tyuiu.KonovalovVA.Sprint0.Task3.V0.Lib.csproj", "{6C2A0F4D-914A-46E8-8F7A-640F08C0BC45}"
EndProject
Project("{FAE04EC0-301F-11D3-BF4B-00C04F79EFBC}") = "Tyuiu.KonovalovVA.Sprint0.Task3.V0.Test", "Tyuiu.KonovalovVA.Sprint0.Task3.V0.Test\Tyuiu.KonovalovVA.Sprint0.Task3.V0.Test.csproj", "{F9A6FFCB-2B35-4E81-AF2D-5A4F91E16F40}"
EndProject
Global
	GlobalSection(SolutionConfigurationPlatforms) = preSolution
		Debug|Any CPU = Debug|Any CPU
		Release|Any CPU = Release|Any CPU
	EndGlobalSection
	GlobalSection(ProjectConfigurationPlatforms) = postSolution
		{AC479CFC-E0E1-40A9-8AA8-FD5CFE760653}.Debug|Any CPU.ActiveCfg = Debug|Any CPU
		{AC479CFC-E0E1-40A9-8AA8-FD5CFE760653}.Debug|Any CPU.Build.0 = Debug|Any CPU
		{AC479CFC-E0E1-40A9-8AA8-FD5CFE760653}.Release|Any CPU.ActiveCfg = Release|Any CPU
		{AC479CFC-E0E1-40A9-8AA8-FD5CFE760653}.Release|Any CPU.Build.0 = Release|Any CPU
		{312A828F-F03E-4017-ACB6-37AB8EB7B432}.Debug|Any CPU.ActiveCfg = Debug|Any CPU
		{312A828F-F03E-4017-ACB6-37AB8EB7B432}.Debug|Any CPU.Build.0 = Debug|Any CPU
		{312A828F-F03E-4017-ACB6-37AB8EB7B432}.Release|Any CPU.ActiveCfg = Release|Any CPU
		{312A828F-F03E-4017-ACB6-37AB8EB7B432}.Release|Any CPU.Build.0 = Release|Any CPU
		{92ADEED6-83F7-473F-9246-8B42F67D0AEC}.Debug|Any CPU.ActiveCfg = Debug|Any CPU
		{92ADEED6-83F7-473F-9246-8B42F67D0AEC}.Debug|Any CPU.Build.0 = Debug|Any CPU
		{92ADEED6-83F7-473F-9246-8B42F67D0AEC}.Release|Any CPU.ActiveCfg = Release|Any CPU
		{92ADEED6-83F7-473F-9246-8B42F67D0AEC}.Release|Any CPU.Build.0 = Release|Any CPU
		{AA359092-5ECC-4199-BE71-D90BB9D10249}.Debug|Any CPU.ActiveCfg = Debug|Any CPU
		{AA359092-5ECC-4199-BE71-D90BB9D10249}.Debug|Any CPU.Build.0 = Debug|Any CPU
		{AA359092-5ECC-4199-BE71-D90BB9D10249}.Release|Any CPU.ActiveCfg = Release|Any CPU
		{AA359092-5ECC-4199-BE71-D90BB9D10249}.Release|Any CPU.Build.0 = Release|Any CPU
		{252838C8-6D60-4F44-B0D5-56208D2858D3}.Debug|Any CPU.ActiveCfg = Debug|Any CPU
		{252838C8-6D60-4F44-B0D5-56208D2858D3}.Debug|Any CPU.Build.0 = Debug|Any CPU
		{252838C8-6D60-4F44-B0D5-56208D2858D3}.Release|Any CPU.ActiveCfg = Release|Any CPU
		{252838C8-6D60-4F44-B0D5-56208D2858D3}.Release|Any CPU.Build.0 = Release|Any CPU
		{3A6380B6-ED02-4680-8EB9-F404B7817D9F}.Debug|Any CPU.ActiveCfg = Debug|Any CPU
		{3A6380B6-ED02-4680-8EB9-F404B7817D9F}.Debug|Any CPU.Build.0 = Debug|Any CPU
		{3A6380B6-ED02-4680-8EB9-F404B7817D9F}.Release|Any CPU.ActiveCfg = Release|Any CPU
		{3A6380B6-ED02-4680-8EB9-F404B7817D9F}.Release|Any CPU.Build.0 = Release|Any CPU
		{6C2A0F4D-914A-46E8-8F7A-640F08C0BC45}.Debug|Any CPU.ActiveCfg = Debug|Any CPU
		{6C2A0F4D-914A-46E8-8F7A-640F08C0BC45}.Debug|Any CPU.Build.0 = Debug|Any CPU
		{6C2A0F4D-914A-46E8-8F7A-640F08C0BC45}.Release|Any CPU.ActiveCfg = Release|Any CPU
		{6C2A0F4D-914A-46E8-8F7A-640F08C0BC45}.Release|Any CPU.Build.0 = Release|Any CPU
		{F9A6FFCB-2B35-4E81-AF2D-5A4F91E16F40}.Debug|Any CPU.ActiveCfg = Debug|Any CPU
		{F9A6FFCB-2B35-4E81-AF2D-5A4F91E16F40}.Debug|Any CPU.Build.0 = Debug|Any CPU
		{F9A6FFCB-2B35-4E81-AF2D-5A4F91E16F40}.Release|Any CPU.ActiveCfg = Release|Any CPU
		{F9A6FFCB-2B35-4E81-AF2D-5A4F91E16F40}.Release|Any CPU.Build.0 = Release|Any CPU
	EndGlobalSection
	GlobalSection(SolutionProperties) = preSolution
		HideSolutionNode = FALSE
	EndGlobalSection
	GlobalSection(NestedProjects) = preSolution
		{AC479CFC-E0E1-40A9-8AA8-FD5CFE760653} = {59A29C5C-5CA1-42BC-A711-8D14B5DB73A0}
		{312A828F-F03E-4017-ACB6-37AB8EB7B432} = {205AAAC6-EF82-444C-99AA-0D35A27811D3}
		{92ADEED6-83F7-473F-9246-8B42F67D0AEC} = {E40841C9-F96A-41D4-934E-C420B0BBFF5F}
		{AA359092-5ECC-4199-BE71-D90BB9D10249} = {E40841C9-F96A-41D4-934E-C420B0BBFF5F}
		{252838C8-6D60-4F44-B0D5-56208D2858D3} = {E40841C9-F96A-41D4-934E-C420B0BBFF5F}
		{3A6380B6-ED02-4680-8EB9-F404B7817D9F} = {CF515E83-9FA3-4C49-A39D-EA45F20EE59E}
		{6C2A0F4D-914A-46E8-8F7A-640F08C0BC45} = {CF515E83-9FA3-4C49-A39D-EA45F20EE59E}
		{F9A6FFCB-2B35-4E81-AF2D-5A4F91E16F40} = {CF515E83-9FA3-4C49-A39D-EA45F20EE59E}
	EndGlobalSection
	GlobalSection(ExtensibilityGlobals) = postSolution
		SolutionGuid = {7235F6E8-4DB2-466B-BB3D-51F94C1CFD4B}
	EndGlobalSection
EndGlobal
